
Microsoft Visual Studio Solution File, Format Version 12.00
# Visual Studio 15
VisualStudioVersion = 15.0.26226.0
MinimumVisualStudioVersion = 10.0.40219.1
Project("{FAE04EC0-301F-11D3-BF4B-00C04F79EFBC}") = "WebApplication62", "WebApplication62\WebApplication62.csproj", "{4546E9BE-E800-470C-B027-31A57526BED7}"
EndProject
Project("{E53339B2-1760-4266-BCC7-CA923CBCF16C}") = "docker-compose", "docker-compose.dcproj", "{7ECF1296-EEB0-4366-83A4-BFEED0080A39}"
EndProject
Global
	GlobalSection(SolutionConfigurationPlatforms) = preSolution
		Debug|Any CPU = Debug|Any CPU
		Release|Any CPU = Release|Any CPU
	EndGlobalSection
	GlobalSection(ProjectConfigurationPlatforms) = postSolution
		{4546E9BE-E800-470C-B027-31A57526BED7}.Debug|Any CPU.ActiveCfg = Debug|Any CPU
		{4546E9BE-E800-470C-B027-31A57526BED7}.Debug|Any CPU.Build.0 = Debug|Any CPU
		{4546E9BE-E800-470C-B027-31A57526BED7}.Release|Any CPU.ActiveCfg = Release|Any CPU
		{4546E9BE-E800-470C-B027-31A57526BED7}.Release|Any CPU.Build.0 = Release|Any CPU
		{7ECF1296-EEB0-4366-83A4-BFEED0080A39}.Debug|Any CPU.ActiveCfg = Debug|Any CPU
		{7ECF1296-EEB0-4366-83A4-BFEED0080A39}.Debug|Any CPU.Build.0 = Debug|Any CPU
		{7ECF1296-EEB0-4366-83A4-BFEED0080A39}.Release|Any CPU.ActiveCfg = Release|Any CPU
		{7ECF1296-EEB0-4366-83A4-BFEED0080A39}.Release|Any CPU.Build.0 = Release|Any CPU
	EndGlobalSection
	GlobalSection(SolutionProperties) = preSolution
		HideSolutionNode = FALSE
	EndGlobalSection
EndGlobal
